
Microsoft Visual Studio Solution File, Format Version 12.00
# Visual Studio Version 17
VisualStudioVersion = 17.0.31903.59
MinimumVisualStudioVersion = 10.0.40219.1
Project("{FAE04EC0-301F-11D3-BF4B-00C04F79EFBC}") = "TranscriberVCA.Generated", "TranscriberVCA.Generated\TranscriberVCA.Generated.csproj", "{CA78D990-D699-4DCE-98E8-261A92B3B7FC}"
EndProject
Project("{FAE04EC0-301F-11D3-BF4B-00C04F79EFBC}") = "TranscriberVCA.Tests", "TranscriberVCA.Tests\TranscriberVCA.Tests.csproj", "{1070D84B-BCB4-4606-9819-113339EB45A6}"
EndProject
Global
	GlobalSection(SolutionConfigurationPlatforms) = preSolution
		Debug|Any CPU = Debug|Any CPU
		Release|Any CPU = Release|Any CPU
	EndGlobalSection
	GlobalSection(SolutionProperties) = preSolution
		HideSolutionNode = FALSE
	EndGlobalSection
	GlobalSection(ProjectConfigurationPlatforms) = postSolution
		{CA78D990-D699-4DCE-98E8-261A92B3B7FC}.Debug|Any CPU.ActiveCfg = Debug|Any CPU
		{CA78D990-D699-4DCE-98E8-261A92B3B7FC}.Debug|Any CPU.Build.0 = Debug|Any CPU
		{CA78D990-D699-4DCE-98E8-261A92B3B7FC}.Release|Any CPU.ActiveCfg = Release|Any CPU
		{CA78D990-D699-4DCE-98E8-261A92B3B7FC}.Release|Any CPU.Build.0 = Release|Any CPU
		{1070D84B-BCB4-4606-9819-113339EB45A6}.Debug|Any CPU.ActiveCfg = Debug|Any CPU
		{1070D84B-BCB4-4606-9819-113339EB45A6}.Debug|Any CPU.Build.0 = Debug|Any CPU
		{1070D84B-BCB4-4606-9819-113339EB45A6}.Release|Any CPU.ActiveCfg = Release|Any CPU
		{1070D84B-BCB4-4606-9819-113339EB45A6}.Release|Any CPU.Build.0 = Release|Any CPU
	EndGlobalSection
EndGlobal
